
Microsoft Visual Studio Solution File, Format Version 12.00
# Visual Studio Version 16
VisualStudioVersion = 16.0.29102.190
MinimumVisualStudioVersion = 10.0.40219.1
Project("{FAE04EC0-301F-11D3-BF4B-00C04F79EFBC}") = "PercorsoCircolare.Common", "PercorsoCircolare.COMMON\PercorsoCircolare.Common.csproj", "{0EB0D65B-E733-46A5-A776-7BE36B5F0484}"
EndProject
Project("{FAE04EC0-301F-11D3-BF4B-00C04F79EFBC}") = "PercorsoCircolare.DAL", "PercorsoCircolare.DAL\PercorsoCircolare.DAL.csproj", "{F9F88221-31B6-4D28-8504-00647B564D39}"
EndProject
Project("{FAE04EC0-301F-11D3-BF4B-00C04F79EFBC}") = "PercorsoCircolare.BL", "PercorsoCircolare.BL\PercorsoCircolare.BL.csproj", "{181CC3FF-BDC6-41B9-B0B6-464CB1BCA80A}"
EndProject
Project("{FAE04EC0-301F-11D3-BF4B-00C04F79EFBC}") = "PercorsoCircolare.Entities", "PercorsoCircolare.Entities\PercorsoCircolare.Entities.csproj", "{D5A923C3-F554-4B15-B586-D27D1E37FE40}"
EndProject
Project("{FAE04EC0-301F-11D3-BF4B-00C04F79EFBC}") = "PercorsoCircolare.FE", "PercorsoCircolare.FE\PercorsoCircolare.FE.csproj", "{9F7CB117-5896-428E-A70C-329B12D1D60E}"
EndProject
Project("{2150E333-8FDC-42A3-9474-1A3956D46DE8}") = "PercorsoCircolare.SL", "PercorsoCircolare.SL", "{475A8E6B-854E-4619-9F83-559900629C0F}"
EndProject
Project("{FAE04EC0-301F-11D3-BF4B-00C04F79EFBC}") = "PercorsoCircolare.PercorsoCircolare.SL.Api", "PercorsoCircolare.SL\PercorsoCircolare.PercorsoCircolare.SL.Api\PercorsoCircolare.PercorsoCircolare.SL.Api.csproj", "{5C2235D8-4D33-4A32-BA51-6985A1F7CF1B}"
EndProject
Project("{FAE04EC0-301F-11D3-BF4B-00C04F79EFBC}") = "PercorsoCircolare.PercorsoCircolare.SL.Api.Tests", "PercorsoCircolare.PercorsoCircolare.SL.Api.Tests\PercorsoCircolare.PercorsoCircolare.SL.Api.Tests.csproj", "{A93F3653-7D27-42A5-9E0B-C20B5A1E3F90}"
EndProject
Project("{FAE04EC0-301F-11D3-BF4B-00C04F79EFBC}") = "HttpClientSample", "HttpClientSample\HttpClientSample.csproj", "{B8A1D44F-3532-46EB-A932-3B3CE179CE64}"
EndProject
Project("{FAE04EC0-301F-11D3-BF4B-00C04F79EFBC}") = "PercorsoCircolare.DAL_DBFirst", "PercorsoCircolare.DAL_DBFirst\PercorsoCircolare.DAL_DBFirst.csproj", "{46A3DEDE-BE5F-42D4-A1EA-A9DB59523314}"
EndProject
Global
	GlobalSection(SolutionConfigurationPlatforms) = preSolution
		Debug|Any CPU = Debug|Any CPU
		Release|Any CPU = Release|Any CPU
	EndGlobalSection
	GlobalSection(ProjectConfigurationPlatforms) = postSolution
		{0EB0D65B-E733-46A5-A776-7BE36B5F0484}.Debug|Any CPU.ActiveCfg = Debug|Any CPU
		{0EB0D65B-E733-46A5-A776-7BE36B5F0484}.Debug|Any CPU.Build.0 = Debug|Any CPU
		{0EB0D65B-E733-46A5-A776-7BE36B5F0484}.Release|Any CPU.ActiveCfg = Release|Any CPU
		{0EB0D65B-E733-46A5-A776-7BE36B5F0484}.Release|Any CPU.Build.0 = Release|Any CPU
		{F9F88221-31B6-4D28-8504-00647B564D39}.Debug|Any CPU.ActiveCfg = Debug|Any CPU
		{F9F88221-31B6-4D28-8504-00647B564D39}.Debug|Any CPU.Build.0 = Debug|Any CPU
		{F9F88221-31B6-4D28-8504-00647B564D39}.Release|Any CPU.ActiveCfg = Release|Any CPU
		{F9F88221-31B6-4D28-8504-00647B564D39}.Release|Any CPU.Build.0 = Release|Any CPU
		{181CC3FF-BDC6-41B9-B0B6-464CB1BCA80A}.Debug|Any CPU.ActiveCfg = Debug|Any CPU
		{181CC3FF-BDC6-41B9-B0B6-464CB1BCA80A}.Debug|Any CPU.Build.0 = Debug|Any CPU
		{181CC3FF-BDC6-41B9-B0B6-464CB1BCA80A}.Release|Any CPU.ActiveCfg = Release|Any CPU
		{181CC3FF-BDC6-41B9-B0B6-464CB1BCA80A}.Release|Any CPU.Build.0 = Release|Any CPU
		{D5A923C3-F554-4B15-B586-D27D1E37FE40}.Debug|Any CPU.ActiveCfg = Debug|Any CPU
		{D5A923C3-F554-4B15-B586-D27D1E37FE40}.Debug|Any CPU.Build.0 = Debug|Any CPU
		{D5A923C3-F554-4B15-B586-D27D1E37FE40}.Release|Any CPU.ActiveCfg = Release|Any CPU
		{D5A923C3-F554-4B15-B586-D27D1E37FE40}.Release|Any CPU.Build.0 = Release|Any CPU
		{9F7CB117-5896-428E-A70C-329B12D1D60E}.Debug|Any CPU.ActiveCfg = Debug|Any CPU
		{9F7CB117-5896-428E-A70C-329B12D1D60E}.Debug|Any CPU.Build.0 = Debug|Any CPU
		{9F7CB117-5896-428E-A70C-329B12D1D60E}.Release|Any CPU.ActiveCfg = Release|Any CPU
		{9F7CB117-5896-428E-A70C-329B12D1D60E}.Release|Any CPU.Build.0 = Release|Any CPU
		{5C2235D8-4D33-4A32-BA51-6985A1F7CF1B}.Debug|Any CPU.ActiveCfg = Debug|Any CPU
		{5C2235D8-4D33-4A32-BA51-6985A1F7CF1B}.Debug|Any CPU.Build.0 = Debug|Any CPU
		{5C2235D8-4D33-4A32-BA51-6985A1F7CF1B}.Release|Any CPU.ActiveCfg = Release|Any CPU
		{5C2235D8-4D33-4A32-BA51-6985A1F7CF1B}.Release|Any CPU.Build.0 = Release|Any CPU
		{A93F3653-7D27-42A5-9E0B-C20B5A1E3F90}.Debug|Any CPU.ActiveCfg = Debug|Any CPU
		{A93F3653-7D27-42A5-9E0B-C20B5A1E3F90}.Debug|Any CPU.Build.0 = Debug|Any CPU
		{A93F3653-7D27-42A5-9E0B-C20B5A1E3F90}.Release|Any CPU.ActiveCfg = Release|Any CPU
		{A93F3653-7D27-42A5-9E0B-C20B5A1E3F90}.Release|Any CPU.Build.0 = Release|Any CPU
		{B8A1D44F-3532-46EB-A932-3B3CE179CE64}.Debug|Any CPU.ActiveCfg = Debug|Any CPU
		{B8A1D44F-3532-46EB-A932-3B3CE179CE64}.Debug|Any CPU.Build.0 = Debug|Any CPU
		{B8A1D44F-3532-46EB-A932-3B3CE179CE64}.Release|Any CPU.ActiveCfg = Release|Any CPU
		{B8A1D44F-3532-46EB-A932-3B3CE179CE64}.Release|Any CPU.Build.0 = Release|Any CPU
		{46A3DEDE-BE5F-42D4-A1EA-A9DB59523314}.Debug|Any CPU.ActiveCfg = Debug|Any CPU
		{46A3DEDE-BE5F-42D4-A1EA-A9DB59523314}.Debug|Any CPU.Build.0 = Debug|Any CPU
		{46A3DEDE-BE5F-42D4-A1EA-A9DB59523314}.Release|Any CPU.ActiveCfg = Release|Any CPU
		{46A3DEDE-BE5F-42D4-A1EA-A9DB59523314}.Release|Any CPU.Build.0 = Release|Any CPU
	EndGlobalSection
	GlobalSection(SolutionProperties) = preSolution
		HideSolutionNode = FALSE
	EndGlobalSection
	GlobalSection(NestedProjects) = preSolution
		{5C2235D8-4D33-4A32-BA51-6985A1F7CF1B} = {475A8E6B-854E-4619-9F83-559900629C0F}
		{A93F3653-7D27-42A5-9E0B-C20B5A1E3F90} = {475A8E6B-854E-4619-9F83-559900629C0F}
	EndGlobalSection
	GlobalSection(ExtensibilityGlobals) = postSolution
		SolutionGuid = {4C3F536B-3C09-4FD9-B0B0-AFCE385B042D}
	EndGlobalSection
EndGlobal
