
Microsoft Visual Studio Solution File, Format Version 12.00
# Visual Studio Version 16
VisualStudioVersion = 16.0.29102.190
MinimumVisualStudioVersion = 10.0.40219.1
Project("{FAE04EC0-301F-11D3-BF4B-00C04F79EFBC}") = "PercorsoCircolare.Common", "PercorsoCircolare.COMMON\PercorsoCircolare.Common.csproj", "{0EB0D65B-E733-46A5-A776-7BE36B5F0484}"
EndProject
Project("{FAE04EC0-301F-11D3-BF4B-00C04F79EFBC}") = "PercorsoCircolare.DAL", "PercorsoCircolare.DAL\PercorsoCircolare.DAL.csproj", "{F9F88221-31B6-4D28-8504-00647B564D39}"
EndProject
Global
	GlobalSection(SolutionConfigurationPlatforms) = preSolution
		Debug|Any CPU = Debug|Any CPU
		Release|Any CPU = Release|Any CPU
	EndGlobalSection
	GlobalSection(ProjectConfigurationPlatforms) = postSolution
		{0EB0D65B-E733-46A5-A776-7BE36B5F0484}.Debug|Any CPU.ActiveCfg = Debug|Any CPU
		{0EB0D65B-E733-46A5-A776-7BE36B5F0484}.Debug|Any CPU.Build.0 = Debug|Any CPU
		{0EB0D65B-E733-46A5-A776-7BE36B5F0484}.Release|Any CPU.ActiveCfg = Release|Any CPU
		{0EB0D65B-E733-46A5-A776-7BE36B5F0484}.Release|Any CPU.Build.0 = Release|Any CPU
		{F9F88221-31B6-4D28-8504-00647B564D39}.Debug|Any CPU.ActiveCfg = Debug|Any CPU
		{F9F88221-31B6-4D28-8504-00647B564D39}.Debug|Any CPU.Build.0 = Debug|Any CPU
		{F9F88221-31B6-4D28-8504-00647B564D39}.Release|Any CPU.ActiveCfg = Release|Any CPU
		{F9F88221-31B6-4D28-8504-00647B564D39}.Release|Any CPU.Build.0 = Release|Any CPU
	EndGlobalSection
	GlobalSection(SolutionProperties) = preSolution
		HideSolutionNode = FALSE
	EndGlobalSection
	GlobalSection(ExtensibilityGlobals) = postSolution
		SolutionGuid = {4C3F536B-3C09-4FD9-B0B0-AFCE385B042D}
	EndGlobalSection
EndGlobal
